{
  "nodes": {
    "nix-darwin": {
      "inputs": {
        "nixpkgs": [
          "nixpkgs"
        ]
      },
      "locked": {
        "lastModified": 1713543876,
        "narHash": "sha256-olEWxacm1xZhAtpq+ZkEyQgR4zgfE7ddpNtZNvubi3g=",
        "owner": "LnL7",
        "repo": "nix-darwin",
        "rev": "9e7c20ffd056e406ddd0276ee9d89f09c5e5f4ed",
        "type": "github"
      },
      "original": {
        "owner": "LnL7",
        "repo": "nix-darwin",
        "type": "github"
      }
    },
    "nixpkgs": {
      "locked": {
        "lastModified": 1713725259,
        "narHash": "sha256-9ZR/Rbx5/Z/JZf5ehVNMoz/s5xjpP0a22tL6qNvLt5E=",
        "owner": "NixOS",
        "repo": "nixpkgs",
        "rev": "a5e4bbcb4780c63c79c87d29ea409abf097de3f7",
        "type": "github"
      },
      "original": {
        "owner": "NixOS",
        "ref": "nixos-23.11",
        "repo": "nixpkgs",
        "type": "github"
      }
    },
    "root": {
      "inputs": {
        "nix-darwin": "nix-darwin",
        "nixpkgs": "nixpkgs"
      }
    }
  },
  "root": "root",
  "version": 7
}
